
Microsoft Visual Studio Solution File, Format Version 12.00
# Visual Studio Version 17
VisualStudioVersion = 17.7.34031.279
MinimumVisualStudioVersion = 10.0.40219.1
Project("{FAE04EC0-301F-11D3-BF4B-00C04F79EFBC}") = "Animal App", "Animal App\Animal App.csproj", "{3C66BE68-E633-4772-9133-497979FDA431}"
EndProject
Global
	GlobalSection(SolutionConfigurationPlatforms) = preSolution
		Debug|Any CPU = Debug|Any CPU
		Release|Any CPU = Release|Any CPU
	EndGlobalSection
	GlobalSection(ProjectConfigurationPlatforms) = postSolution
		{3C66BE68-E633-4772-9133-497979FDA431}.Debug|Any CPU.ActiveCfg = Debug|Any CPU
		{3C66BE68-E633-4772-9133-497979FDA431}.Debug|Any CPU.Build.0 = Debug|Any CPU
		{3C66BE68-E633-4772-9133-497979FDA431}.Release|Any CPU.ActiveCfg = Release|Any CPU
		{3C66BE68-E633-4772-9133-497979FDA431}.Release|Any CPU.Build.0 = Release|Any CPU
	EndGlobalSection
	GlobalSection(SolutionProperties) = preSolution
		HideSolutionNode = FALSE
	EndGlobalSection
	GlobalSection(ExtensibilityGlobals) = postSolution
		SolutionGuid = {DAEABC7F-DF7F-452E-9ECF-8B05BD97CD88}
	EndGlobalSection
EndGlobal
